
Microsoft Visual Studio Solution File, Format Version 12.00
# Visual Studio Version 17
VisualStudioVersion = 17.9.34728.123
MinimumVisualStudioVersion = 10.0.40219.1
Project("{9A19103F-16F7-4668-BE54-9A1E7A4F7556}") = "API_Momento", "API_Momento\API_Momento.csproj", "{0B4EEE6D-DB8D-419D-8161-3D40F4D1522B}"
EndProject
Project("{FAE04EC0-301F-11D3-BF4B-00C04F79EFBC}") = "Services", "Services\Services.csproj", "{1BED7B5D-F5AA-4D9C-8F86-544FFCF2954D}"
EndProject
Project("{FAE04EC0-301F-11D3-BF4B-00C04F79EFBC}") = "Repository", "Repository\Repository.csproj", "{45325B9B-FF11-40EF-93EB-A7902BCE2DC1}"
EndProject
Project("{FAE04EC0-301F-11D3-BF4B-00C04F79EFBC}") = "Models", "Models\Models.csproj", "{5799A1EB-185C-4AD1-B333-BAECCD995FC2}"
EndProject
Project("{FAE04EC0-301F-11D3-BF4B-00C04F79EFBC}") = "Domain", "Domain\Domain.csproj", "{24227DFE-59B8-438D-BB0F-DB934114D401}"
EndProject
Global
	GlobalSection(SolutionConfigurationPlatforms) = preSolution
		Debug|Any CPU = Debug|Any CPU
		Release|Any CPU = Release|Any CPU
	EndGlobalSection
	GlobalSection(ProjectConfigurationPlatforms) = postSolution
		{0B4EEE6D-DB8D-419D-8161-3D40F4D1522B}.Debug|Any CPU.ActiveCfg = Debug|Any CPU
		{0B4EEE6D-DB8D-419D-8161-3D40F4D1522B}.Debug|Any CPU.Build.0 = Debug|Any CPU
		{0B4EEE6D-DB8D-419D-8161-3D40F4D1522B}.Release|Any CPU.ActiveCfg = Release|Any CPU
		{0B4EEE6D-DB8D-419D-8161-3D40F4D1522B}.Release|Any CPU.Build.0 = Release|Any CPU
		{1BED7B5D-F5AA-4D9C-8F86-544FFCF2954D}.Debug|Any CPU.ActiveCfg = Debug|Any CPU
		{1BED7B5D-F5AA-4D9C-8F86-544FFCF2954D}.Debug|Any CPU.Build.0 = Debug|Any CPU
		{1BED7B5D-F5AA-4D9C-8F86-544FFCF2954D}.Release|Any CPU.ActiveCfg = Release|Any CPU
		{1BED7B5D-F5AA-4D9C-8F86-544FFCF2954D}.Release|Any CPU.Build.0 = Release|Any CPU
		{45325B9B-FF11-40EF-93EB-A7902BCE2DC1}.Debug|Any CPU.ActiveCfg = Debug|Any CPU
		{45325B9B-FF11-40EF-93EB-A7902BCE2DC1}.Debug|Any CPU.Build.0 = Debug|Any CPU
		{45325B9B-FF11-40EF-93EB-A7902BCE2DC1}.Release|Any CPU.ActiveCfg = Release|Any CPU
		{45325B9B-FF11-40EF-93EB-A7902BCE2DC1}.Release|Any CPU.Build.0 = Release|Any CPU
		{5799A1EB-185C-4AD1-B333-BAECCD995FC2}.Debug|Any CPU.ActiveCfg = Debug|Any CPU
		{5799A1EB-185C-4AD1-B333-BAECCD995FC2}.Debug|Any CPU.Build.0 = Debug|Any CPU
		{5799A1EB-185C-4AD1-B333-BAECCD995FC2}.Release|Any CPU.ActiveCfg = Release|Any CPU
		{5799A1EB-185C-4AD1-B333-BAECCD995FC2}.Release|Any CPU.Build.0 = Release|Any CPU
		{24227DFE-59B8-438D-BB0F-DB934114D401}.Debug|Any CPU.ActiveCfg = Debug|Any CPU
		{24227DFE-59B8-438D-BB0F-DB934114D401}.Debug|Any CPU.Build.0 = Debug|Any CPU
		{24227DFE-59B8-438D-BB0F-DB934114D401}.Release|Any CPU.ActiveCfg = Release|Any CPU
		{24227DFE-59B8-438D-BB0F-DB934114D401}.Release|Any CPU.Build.0 = Release|Any CPU
	EndGlobalSection
	GlobalSection(SolutionProperties) = preSolution
		HideSolutionNode = FALSE
	EndGlobalSection
	GlobalSection(ExtensibilityGlobals) = postSolution
		SolutionGuid = {438F760C-C011-4B1B-97CF-C87943E1BEE2}
	EndGlobalSection
EndGlobal
